{
  "nodes": {
    "darwin": {
      "inputs": {
        "nixpkgs": [
          "nixpkgs"
        ]
      },
      "locked": {
        "lastModified": 1684774948,
        "narHash": "sha256-hJTaw4dYzcB+lsasKejnafq0CxPsVetn9RLXrcL+4jE=",
        "owner": "lnl7",
        "repo": "nix-darwin",
        "rev": "b8c286c82c6b47826a6c0377e7017052ad91353c",
        "type": "github"
      },
      "original": {
        "owner": "lnl7",
        "ref": "master",
        "repo": "nix-darwin",
        "type": "github"
      }
    },
    "fenix": {
      "inputs": {
        "nixpkgs": [
          "nixpkgs"
        ],
        "rust-analyzer-src": "rust-analyzer-src"
      },
      "locked": {
        "lastModified": 1684736520,
        "narHash": "sha256-8WjS3Mmr4DPBsSV2iPkYmxr0/YPpkhX10qT/0YybSsc=",
        "owner": "nix-community",
        "repo": "fenix",
        "rev": "f435c0d000726dc5ccfabde567443c2495957706",
        "type": "github"
      },
      "original": {
        "owner": "nix-community",
        "repo": "fenix",
        "type": "github"
      }
    },
    "home-manager": {
      "inputs": {
        "nixpkgs": [
          "nixpkgs"
        ]
      },
      "locked": {
        "lastModified": 1684824189,
        "narHash": "sha256-k3nCkn5Qy67rCguuw6YkGuL6hOUNRKxQoKOjnapk5sU=",
        "owner": "nix-community",
        "repo": "home-manager",
        "rev": "58eb968c21d309a6c2b020ea8d64e25c38ceebba",
        "type": "github"
      },
      "original": {
        "owner": "nix-community",
        "repo": "home-manager",
        "type": "github"
      }
    },
    "nixpkgs": {
      "locked": {
        "lastModified": 1684759798,
        "narHash": "sha256-Kpbf5yKvKcj/yPqE1zYC6gju4JwTsYxTIZEvOII0jr4=",
        "owner": "nixos",
        "repo": "nixpkgs",
        "rev": "c7eb65213bd7d95eafb8c5e2e181f04da103d054",
        "type": "github"
      },
      "original": {
        "owner": "nixos",
        "ref": "nixpkgs-unstable",
        "repo": "nixpkgs",
        "type": "github"
      }
    },
    "root": {
      "inputs": {
        "darwin": "darwin",
        "fenix": "fenix",
        "home-manager": "home-manager",
        "nixpkgs": "nixpkgs"
      }
    },
    "rust-analyzer-src": {
      "flake": false,
      "locked": {
        "lastModified": 1684672829,
        "narHash": "sha256-xDUpgRcACQQREemfVQnft6AImqF2+dbxmHupw6gzSho=",
        "owner": "rust-lang",
        "repo": "rust-analyzer",
        "rev": "7ac161ce77dfa31dc39337c2543a1d777e70c16e",
        "type": "github"
      },
      "original": {
        "owner": "rust-lang",
        "ref": "nightly",
        "repo": "rust-analyzer",
        "type": "github"
      }
    }
  },
  "root": "root",
  "version": 7
}
